{
    "_readme": [
        "This file locks the dependencies of your project to a known state",
        "Read more about it at https://getcomposer.org/doc/01-basic-usage.md#composer-lock-the-lock-file",
        "This file is @generated automatically"
    ],
    "hash": "a38c1d5a25719c694f8b6487adcfdea3",
    "content-hash": "94e2ccccc3b8abad48ff0e9391713e2c",
    "packages": [
        {
            "name": "atk4/dsql",
            "version": "dev-develop",
            "source": {
                "type": "git",
                "url": "https://github.com/atk4/dsql.git",
                "reference": "4d7b6c4519e4dc439e0fc98cbe81d4c72b42086a"
            },
            "dist": {
                "type": "zip",
                "url": "https://api.github.com/repos/atk4/dsql/zipball/4d7b6c4519e4dc439e0fc98cbe81d4c72b42086a",
                "reference": "4d7b6c4519e4dc439e0fc98cbe81d4c72b42086a",
                "shasum": ""
            },
            "require": {
                "php": ">=5.5.0"
            },
            "require-dev": {
                "codeclimate/php-test-reporter": "*",
                "phpunit/phpunit": "~4.0"
            },
            "type": "library",
            "autoload": {
                "psr-4": {
                    "atk4\\dsql\\": "src"
                }
            },
            "notification-url": "https://packagist.org/downloads/",
            "license": [
                "MIT"
            ],
            "authors": [
                {
                    "name": "Romans Malinovskis",
                    "email": "romans@agiletoolkit.org",
                    "homepage": "https://nearly.guru/"
                }
            ],
            "description": "Dynamic SQL Builder in PHP",
            "homepage": "http://agiletoolkit.org/dsql/",
            "keywords": [
                "builder",
                "framework",
                "orm",
                "sql"
            ],
            "time": "2016-03-30 20:21:06"
        }
    ],
    "packages-dev": [],
    "aliases": [],
    "minimum-stability": "stable",
    "stability-flags": {
        "atk4/dsql": 20
    },
    "prefer-stable": false,
    "prefer-lowest": false,
    "platform": {
        "php": ">=5.5.0"
    },
    "platform-dev": []
}
